{
	"name": "@cat-smoker/cli-service",
	"version": "0.0.4-alpha.0",
	"lockfileVersion": 1,
	"requires": true,
	"dependencies": {
		"@types/color-name": {
			"version": "1.1.1",
			"resolved": "https://registry.npm.taobao.org/@types/color-name/download/@types/color-name-1.1.1.tgz",
			"integrity": "sha1-HBJhu+qhCoBVu8XYq4S3sq/IRqA="
		},
		"ansi-escapes": {
			"version": "4.3.1",
			"resolved": "https://registry.npm.taobao.org/ansi-escapes/download/ansi-escapes-4.3.1.tgz?cache=0&other_urls=https%3A%2F%2Fregistry.npm.taobao.org%2Fansi-escapes%2Fdownload%2Fansi-escapes-4.3.1.tgz",
			"integrity": "sha1-pcR8xDGB8fOP/XB2g3cA05VSKmE=",
			"requires": {
				"type-fest": "^0.11.0"
			}
		},
		"ansi-regex": {
			"version": "5.0.0",
			"resolved": "https://registry.npm.taobao.org/ansi-regex/download/ansi-regex-5.0.0.tgz",
			"integrity": "sha1-OIU59VF5vzkznIGvMKZU1p+Hy3U="
		},
		"ansi-styles": {
			"version": "4.2.1",
			"resolved": "https://registry.npm.taobao.org/ansi-styles/download/ansi-styles-4.2.1.tgz",
			"integrity": "sha1-kK51xCTQCNJiTFvynq0xd+v881k=",
			"requires": {
				"@types/color-name": "^1.1.1",
				"color-convert": "^2.0.1"
			}
		},
		"chalk": {
			"version": "3.0.0",
			"resolved": "https://registry.npm.taobao.org/chalk/download/chalk-3.0.0.tgz?cache=0&sync_timestamp=1573282918610&other_urls=https%3A%2F%2Fregistry.npm.taobao.org%2Fchalk%2Fdownload%2Fchalk-3.0.0.tgz",
			"integrity": "sha1-P3PCv1JlkfV0zEksUeJFY0n4ROQ=",
			"requires": {
				"ansi-styles": "^4.1.0",
				"supports-color": "^7.1.0"
			}
		},
		"chardet": {
			"version": "0.7.0",
			"resolved": "https://registry.npm.taobao.org/chardet/download/chardet-0.7.0.tgz",
			"integrity": "sha1-kAlISfCTfy7twkJdDSip5fDLrZ4="
		},
		"cli-cursor": {
			"version": "3.1.0",
			"resolved": "https://registry.npm.taobao.org/cli-cursor/download/cli-cursor-3.1.0.tgz",
			"integrity": "sha1-JkMFp65JDR0Dvwybp8kl0XU68wc=",
			"requires": {
				"restore-cursor": "^3.1.0"
			}
		},
		"cli-width": {
			"version": "2.2.0",
			"resolved": "https://registry.npm.taobao.org/cli-width/download/cli-width-2.2.0.tgz",
			"integrity": "sha1-/xnt6Kml5XkyQUewwR8PvLq+1jk="
		},
		"color-convert": {
			"version": "2.0.1",
			"resolved": "https://registry.npm.taobao.org/color-convert/download/color-convert-2.0.1.tgz",
			"integrity": "sha1-ctOmjVmMm9s68q0ehPIdiWq9TeM=",
			"requires": {
				"color-name": "~1.1.4"
			}
		},
		"color-name": {
			"version": "1.1.4",
			"resolved": "https://registry.npm.taobao.org/color-name/download/color-name-1.1.4.tgz",
			"integrity": "sha1-wqCah6y95pVD3m9j+jmVyCbFNqI="
		},
		"commander": {
			"version": "4.1.1",
			"resolved": "https://registry.npmjs.org/commander/-/commander-4.1.1.tgz",
			"integrity": "sha512-NOKm8xhkzAjzFx8B2v5OAHT+u5pRQc2UCa2Vq9jYL/31o2wi9mxBA7LIFs3sV5VSC49z6pEhfbMULvShKj26WA=="
		},
		"emoji-regex": {
			"version": "8.0.0",
			"resolved": "https://registry.npm.taobao.org/emoji-regex/download/emoji-regex-8.0.0.tgz",
			"integrity": "sha1-6Bj9ac5cz8tARZT4QpY79TFkzDc="
		},
		"escape-string-regexp": {
			"version": "1.0.5",
			"resolved": "https://registry.npm.taobao.org/escape-string-regexp/download/escape-string-regexp-1.0.5.tgz",
			"integrity": "sha1-G2HAViGQqN/2rjuyzwIAyhMLhtQ="
		},
		"external-editor": {
			"version": "3.1.0",
			"resolved": "https://registry.npm.taobao.org/external-editor/download/external-editor-3.1.0.tgz?cache=0&sync_timestamp=1562602052556&other_urls=https%3A%2F%2Fregistry.npm.taobao.org%2Fexternal-editor%2Fdownload%2Fexternal-editor-3.1.0.tgz",
			"integrity": "sha1-ywP3QL764D6k0oPK7SdBqD8zVJU=",
			"requires": {
				"chardet": "^0.7.0",
				"iconv-lite": "^0.4.24",
				"tmp": "^0.0.33"
			}
		},
		"figures": {
			"version": "3.2.0",
			"resolved": "https://registry.npm.taobao.org/figures/download/figures-3.2.0.tgz",
			"integrity": "sha1-YlwYvSk8YE3EqN2y/r8MiDQXRq8=",
			"requires": {
				"escape-string-regexp": "^1.0.5"
			}
		},
		"fs-extra": {
			"version": "8.1.0",
			"resolved": "https://registry.npm.taobao.org/fs-extra/download/fs-extra-8.1.0.tgz",
			"integrity": "sha1-SdQ8RaiM2Wd2aMt74bRu/bjS4cA=",
			"requires": {
				"graceful-fs": "^4.2.0",
				"jsonfile": "^4.0.0",
				"universalify": "^0.1.0"
			}
		},
		"graceful-fs": {
			"version": "4.2.3",
			"resolved": "https://registry.npm.taobao.org/graceful-fs/download/graceful-fs-4.2.3.tgz",
			"integrity": "sha1-ShL/G2A3bvCYYsIJPt2Qgyi+hCM="
		},
		"has-flag": {
			"version": "4.0.0",
			"resolved": "https://registry.npm.taobao.org/has-flag/download/has-flag-4.0.0.tgz",
			"integrity": "sha1-lEdx/ZyByBJlxNaUGGDaBrtZR5s="
		},
		"iconv-lite": {
			"version": "0.4.24",
			"resolved": "https://registry.npm.taobao.org/iconv-lite/download/iconv-lite-0.4.24.tgz?cache=0&sync_timestamp=1579333981154&other_urls=https%3A%2F%2Fregistry.npm.taobao.org%2Ficonv-lite%2Fdownload%2Ficonv-lite-0.4.24.tgz",
			"integrity": "sha1-ICK0sl+93CHS9SSXSkdKr+czkIs=",
			"requires": {
				"safer-buffer": ">= 2.1.2 < 3"
			}
		},
		"inquirer": {
			"version": "7.1.0",
			"resolved": "https://registry.npm.taobao.org/inquirer/download/inquirer-7.1.0.tgz",
			"integrity": "sha1-EpigGFmIPhfHJkuChwrhA0+S3Sk=",
			"requires": {
				"ansi-escapes": "^4.2.1",
				"chalk": "^3.0.0",
				"cli-cursor": "^3.1.0",
				"cli-width": "^2.0.0",
				"external-editor": "^3.0.3",
				"figures": "^3.0.0",
				"lodash": "^4.17.15",
				"mute-stream": "0.0.8",
				"run-async": "^2.4.0",
				"rxjs": "^6.5.3",
				"string-width": "^4.1.0",
				"strip-ansi": "^6.0.0",
				"through": "^2.3.6"
			}
		},
		"is-fullwidth-code-point": {
			"version": "3.0.0",
			"resolved": "https://registry.npm.taobao.org/is-fullwidth-code-point/download/is-fullwidth-code-point-3.0.0.tgz",
			"integrity": "sha1-8Rb4Bk/pCz94RKOJl8C3UFEmnx0="
		},
		"is-promise": {
			"version": "2.1.0",
			"resolved": "https://registry.npm.taobao.org/is-promise/download/is-promise-2.1.0.tgz?cache=0&other_urls=https%3A%2F%2Fregistry.npm.taobao.org%2Fis-promise%2Fdownload%2Fis-promise-2.1.0.tgz",
			"integrity": "sha1-eaKp7OfwlugPNtKy87wWwf9L8/o="
		},
		"jsonfile": {
			"version": "4.0.0",
			"resolved": "https://registry.npm.taobao.org/jsonfile/download/jsonfile-4.0.0.tgz",
			"integrity": "sha1-h3Gq4HmbZAdrdmQPygWPnBDjPss=",
			"requires": {
				"graceful-fs": "^4.1.6"
			}
		},
		"lodash": {
			"version": "4.17.15",
			"resolved": "https://registry.npm.taobao.org/lodash/download/lodash-4.17.15.tgz",
			"integrity": "sha1-tEf2ZwoEVbv+7dETku/zMOoJdUg="
		},
		"mimic-fn": {
			"version": "2.1.0",
			"resolved": "https://registry.npm.taobao.org/mimic-fn/download/mimic-fn-2.1.0.tgz",
			"integrity": "sha1-ftLCzMyvhNP/y3pptXcR/CCDQBs="
		},
		"minimist": {
			"version": "1.2.5",
			"resolved": "https://registry.npmjs.org/minimist/-/minimist-1.2.5.tgz",
			"integrity": "sha512-FM9nNUYrRBAELZQT3xeZQ7fmMOBg6nWNmJKTcgsJeaLstP/UODVpGsr5OhXhhXg6f+qtJ8uiZ+PUxkDWcgIXLw=="
		},
		"mute-stream": {
			"version": "0.0.8",
			"resolved": "https://registry.npm.taobao.org/mute-stream/download/mute-stream-0.0.8.tgz",
			"integrity": "sha1-FjDEKyJR/4HiooPelqVJfqkuXg0="
		},
		"onetime": {
			"version": "5.1.0",
			"resolved": "https://registry.npm.taobao.org/onetime/download/onetime-5.1.0.tgz",
			"integrity": "sha1-//DzyRYX/mK7UBiWNumayKbfe+U=",
			"requires": {
				"mimic-fn": "^2.1.0"
			}
		},
		"os-tmpdir": {
			"version": "1.0.2",
			"resolved": "https://registry.npm.taobao.org/os-tmpdir/download/os-tmpdir-1.0.2.tgz",
			"integrity": "sha1-u+Z0BseaqFxc/sdm/lc0VV36EnQ="
		},
		"restore-cursor": {
			"version": "3.1.0",
			"resolved": "https://registry.npm.taobao.org/restore-cursor/download/restore-cursor-3.1.0.tgz",
			"integrity": "sha1-OfZ8VLOnpYzqUjbZXPADQjljH34=",
			"requires": {
				"onetime": "^5.1.0",
				"signal-exit": "^3.0.2"
			}
		},
		"run-async": {
			"version": "2.4.0",
			"resolved": "https://registry.npm.taobao.org/run-async/download/run-async-2.4.0.tgz?cache=0&sync_timestamp=1582711719088&other_urls=https%3A%2F%2Fregistry.npm.taobao.org%2Frun-async%2Fdownload%2Frun-async-2.4.0.tgz",
			"integrity": "sha1-5ZBUpbhods+uB/Qx0Yy63cWU8eg=",
			"requires": {
				"is-promise": "^2.1.0"
			}
		},
		"rxjs": {
			"version": "6.5.4",
			"resolved": "https://registry.npm.taobao.org/rxjs/download/rxjs-6.5.4.tgz?cache=0&other_urls=https%3A%2F%2Fregistry.npm.taobao.org%2Frxjs%2Fdownload%2Frxjs-6.5.4.tgz",
			"integrity": "sha1-4Hd/4NGEzseHLfFH8wNXLUFOIRw=",
			"requires": {
				"tslib": "^1.9.0"
			}
		},
		"safer-buffer": {
			"version": "2.1.2",
			"resolved": "https://registry.npm.taobao.org/safer-buffer/download/safer-buffer-2.1.2.tgz?cache=0&other_urls=https%3A%2F%2Fregistry.npm.taobao.org%2Fsafer-buffer%2Fdownload%2Fsafer-buffer-2.1.2.tgz",
			"integrity": "sha1-RPoWGwGHuVSd2Eu5GAL5vYOFzWo="
		},
		"signal-exit": {
			"version": "3.0.2",
			"resolved": "https://registry.npm.taobao.org/signal-exit/download/signal-exit-3.0.2.tgz",
			"integrity": "sha1-tf3AjxKH6hF4Yo5BXiUTK3NkbG0="
		},
		"string-width": {
			"version": "4.2.0",
			"resolved": "https://registry.npm.taobao.org/string-width/download/string-width-4.2.0.tgz?cache=0&sync_timestamp=1573488535785&other_urls=https%3A%2F%2Fregistry.npm.taobao.org%2Fstring-width%2Fdownload%2Fstring-width-4.2.0.tgz",
			"integrity": "sha1-lSGCxGzHssMT0VluYjmSvRY7crU=",
			"requires": {
				"emoji-regex": "^8.0.0",
				"is-fullwidth-code-point": "^3.0.0",
				"strip-ansi": "^6.0.0"
			}
		},
		"strip-ansi": {
			"version": "6.0.0",
			"resolved": "https://registry.npm.taobao.org/strip-ansi/download/strip-ansi-6.0.0.tgz",
			"integrity": "sha1-CxVx3XZpzNTz4G4U7x7tJiJa5TI=",
			"requires": {
				"ansi-regex": "^5.0.0"
			}
		},
		"supports-color": {
			"version": "7.1.0",
			"resolved": "https://registry.npm.taobao.org/supports-color/download/supports-color-7.1.0.tgz?cache=0&other_urls=https%3A%2F%2Fregistry.npm.taobao.org%2Fsupports-color%2Fdownload%2Fsupports-color-7.1.0.tgz",
			"integrity": "sha1-aOMlkd9z4lrRxLSRCKLsUHliv9E=",
			"requires": {
				"has-flag": "^4.0.0"
			}
		},
		"through": {
			"version": "2.3.8",
			"resolved": "https://registry.npm.taobao.org/through/download/through-2.3.8.tgz",
			"integrity": "sha1-DdTJ/6q8NXlgsbckEV1+Doai4fU="
		},
		"tmp": {
			"version": "0.0.33",
			"resolved": "https://registry.npm.taobao.org/tmp/download/tmp-0.0.33.tgz",
			"integrity": "sha1-bTQzWIl2jSGyvNoKonfO07G/rfk=",
			"requires": {
				"os-tmpdir": "~1.0.2"
			}
		},
		"tslib": {
			"version": "1.11.1",
			"resolved": "https://registry.npm.taobao.org/tslib/download/tslib-1.11.1.tgz",
			"integrity": "sha1-6xXRKIJ/vuKEFUnhcfRe0zisfjU="
		},
		"type-fest": {
			"version": "0.11.0",
			"resolved": "https://registry.npm.taobao.org/type-fest/download/type-fest-0.11.0.tgz",
			"integrity": "sha1-l6vwhyMQ/tiKXEZrJWgVdhReM/E="
		},
		"universalify": {
			"version": "0.1.2",
			"resolved": "https://registry.npm.taobao.org/universalify/download/universalify-0.1.2.tgz?cache=0&sync_timestamp=1583531006552&other_urls=https%3A%2F%2Fregistry.npm.taobao.org%2Funiversalify%2Fdownload%2Funiversalify-0.1.2.tgz",
			"integrity": "sha1-tkb2m+OULavOzJ1mOcgNwQXvqmY="
		}
	}
}
