{
	"name": "@cat-smoker/cli",
	"version": "0.0.8-alpha.0",
	"lockfileVersion": 1,
	"requires": true,
	"dependencies": {
		"@nodelib/fs.scandir": {
			"version": "2.1.3",
			"resolved": "https://registry.npm.taobao.org/@nodelib/fs.scandir/download/@nodelib/fs.scandir-2.1.3.tgz",
			"integrity": "sha1-Olgr21OATGum0UZXnEblITDPSjs=",
			"requires": {
				"@nodelib/fs.stat": "2.0.3",
				"run-parallel": "^1.1.9"
			}
		},
		"@nodelib/fs.stat": {
			"version": "2.0.3",
			"resolved": "https://registry.npm.taobao.org/@nodelib/fs.stat/download/@nodelib/fs.stat-2.0.3.tgz",
			"integrity": "sha1-NNxfTKu8cg9OYPdadH5+zWwXW9M="
		},
		"@nodelib/fs.walk": {
			"version": "1.2.4",
			"resolved": "https://registry.npm.taobao.org/@nodelib/fs.walk/download/@nodelib/fs.walk-1.2.4.tgz",
			"integrity": "sha1-ARuSAqcKY2bkNspcBlhEUoqwSXY=",
			"requires": {
				"@nodelib/fs.scandir": "2.1.3",
				"fastq": "^1.6.0"
			}
		},
		"@types/color-name": {
			"version": "1.1.1",
			"resolved": "https://registry.npm.taobao.org/@types/color-name/download/@types/color-name-1.1.1.tgz",
			"integrity": "sha1-HBJhu+qhCoBVu8XYq4S3sq/IRqA="
		},
		"ansi-escapes": {
			"version": "4.3.1",
			"resolved": "https://registry.npm.taobao.org/ansi-escapes/download/ansi-escapes-4.3.1.tgz?cache=0&other_urls=https%3A%2F%2Fregistry.npm.taobao.org%2Fansi-escapes%2Fdownload%2Fansi-escapes-4.3.1.tgz",
			"integrity": "sha1-pcR8xDGB8fOP/XB2g3cA05VSKmE=",
			"requires": {
				"type-fest": "^0.11.0"
			}
		},
		"ansi-regex": {
			"version": "5.0.0",
			"resolved": "https://registry.npm.taobao.org/ansi-regex/download/ansi-regex-5.0.0.tgz",
			"integrity": "sha1-OIU59VF5vzkznIGvMKZU1p+Hy3U="
		},
		"ansi-styles": {
			"version": "4.2.1",
			"resolved": "https://registry.npm.taobao.org/ansi-styles/download/ansi-styles-4.2.1.tgz",
			"integrity": "sha1-kK51xCTQCNJiTFvynq0xd+v881k=",
			"requires": {
				"@types/color-name": "^1.1.1",
				"color-convert": "^2.0.1"
			}
		},
		"array-union": {
			"version": "2.1.0",
			"resolved": "https://registry.npm.taobao.org/array-union/download/array-union-2.1.0.tgz",
			"integrity": "sha1-t5hCCtvrHego2ErNii4j0+/oXo0="
		},
		"braces": {
			"version": "3.0.2",
			"resolved": "https://registry.npm.taobao.org/braces/download/braces-3.0.2.tgz",
			"integrity": "sha1-NFThpGLujVmeI23zNs2epPiv4Qc=",
			"requires": {
				"fill-range": "^7.0.1"
			}
		},
		"builtins": {
			"version": "1.0.3",
			"resolved": "https://registry.npm.taobao.org/builtins/download/builtins-1.0.3.tgz?cache=0&sync_timestamp=1582626462888&other_urls=https%3A%2F%2Fregistry.npm.taobao.org%2Fbuiltins%2Fdownload%2Fbuiltins-1.0.3.tgz",
			"integrity": "sha1-y5T662HIaWRR2zZTThQi+U8K7og="
		},
		"chalk": {
			"version": "3.0.0",
			"resolved": "https://registry.npm.taobao.org/chalk/download/chalk-3.0.0.tgz?cache=0&sync_timestamp=1573282918610&other_urls=https%3A%2F%2Fregistry.npm.taobao.org%2Fchalk%2Fdownload%2Fchalk-3.0.0.tgz",
			"integrity": "sha1-P3PCv1JlkfV0zEksUeJFY0n4ROQ=",
			"requires": {
				"ansi-styles": "^4.1.0",
				"supports-color": "^7.1.0"
			}
		},
		"chardet": {
			"version": "0.7.0",
			"resolved": "https://registry.npm.taobao.org/chardet/download/chardet-0.7.0.tgz",
			"integrity": "sha1-kAlISfCTfy7twkJdDSip5fDLrZ4="
		},
		"chownr": {
			"version": "1.1.4",
			"resolved": "https://registry.npmjs.org/chownr/-/chownr-1.1.4.tgz",
			"integrity": "sha512-jJ0bqzaylmJtVnNgzTeSOs8DPavpbYgEr/b0YL8/2GO3xJEhInFmhKMUnEJQjZumK7KXGFhUy89PrsJWlakBVg=="
		},
		"cli-cursor": {
			"version": "3.1.0",
			"resolved": "https://registry.npm.taobao.org/cli-cursor/download/cli-cursor-3.1.0.tgz",
			"integrity": "sha1-JkMFp65JDR0Dvwybp8kl0XU68wc=",
			"requires": {
				"restore-cursor": "^3.1.0"
			}
		},
		"cli-width": {
			"version": "2.2.0",
			"resolved": "https://registry.npm.taobao.org/cli-width/download/cli-width-2.2.0.tgz",
			"integrity": "sha1-/xnt6Kml5XkyQUewwR8PvLq+1jk="
		},
		"cmd-shim": {
			"version": "4.0.1",
			"resolved": "https://registry.npmjs.org/cmd-shim/-/cmd-shim-4.0.1.tgz",
			"integrity": "sha512-exU/B+ts37psdPUgBhYZsHTGZ6kmZuy0i3L6+TG1BzvrQCfgc4VPpjnY4WxCz7tdMtgtCwXUIu7wLsTZ1LsIRg==",
			"requires": {
				"graceful-fs": "^4.1.2",
				"mkdirp-infer-owner": "^1.0.2"
			}
		},
		"color-convert": {
			"version": "2.0.1",
			"resolved": "https://registry.npm.taobao.org/color-convert/download/color-convert-2.0.1.tgz",
			"integrity": "sha1-ctOmjVmMm9s68q0ehPIdiWq9TeM=",
			"requires": {
				"color-name": "~1.1.4"
			}
		},
		"color-name": {
			"version": "1.1.4",
			"resolved": "https://registry.npm.taobao.org/color-name/download/color-name-1.1.4.tgz",
			"integrity": "sha1-wqCah6y95pVD3m9j+jmVyCbFNqI="
		},
		"commander": {
			"version": "4.1.1",
			"resolved": "https://registry.npm.taobao.org/commander/download/commander-4.1.1.tgz?cache=0&sync_timestamp=1584148318639&other_urls=https%3A%2F%2Fregistry.npm.taobao.org%2Fcommander%2Fdownload%2Fcommander-4.1.1.tgz",
			"integrity": "sha1-n9YCvZNilOnp70aj9NaWQESxgGg="
		},
		"deepmerge": {
			"version": "4.2.2",
			"resolved": "https://registry.npm.taobao.org/deepmerge/download/deepmerge-4.2.2.tgz",
			"integrity": "sha1-RNLqNnm49NT/ujPwPYZfwee/SVU="
		},
		"dir-glob": {
			"version": "3.0.1",
			"resolved": "https://registry.npm.taobao.org/dir-glob/download/dir-glob-3.0.1.tgz",
			"integrity": "sha1-Vtv3PZkqSpO6FYT0U0Bj/S5BcX8=",
			"requires": {
				"path-type": "^4.0.0"
			}
		},
		"emoji-regex": {
			"version": "8.0.0",
			"resolved": "https://registry.npm.taobao.org/emoji-regex/download/emoji-regex-8.0.0.tgz",
			"integrity": "sha1-6Bj9ac5cz8tARZT4QpY79TFkzDc="
		},
		"escape-string-regexp": {
			"version": "1.0.5",
			"resolved": "https://registry.npm.taobao.org/escape-string-regexp/download/escape-string-regexp-1.0.5.tgz",
			"integrity": "sha1-G2HAViGQqN/2rjuyzwIAyhMLhtQ="
		},
		"external-editor": {
			"version": "3.1.0",
			"resolved": "https://registry.npm.taobao.org/external-editor/download/external-editor-3.1.0.tgz?cache=0&sync_timestamp=1562602052556&other_urls=https%3A%2F%2Fregistry.npm.taobao.org%2Fexternal-editor%2Fdownload%2Fexternal-editor-3.1.0.tgz",
			"integrity": "sha1-ywP3QL764D6k0oPK7SdBqD8zVJU=",
			"requires": {
				"chardet": "^0.7.0",
				"iconv-lite": "^0.4.24",
				"tmp": "^0.0.33"
			}
		},
		"fast-glob": {
			"version": "3.2.2",
			"resolved": "https://registry.npm.taobao.org/fast-glob/download/fast-glob-3.2.2.tgz?cache=0&sync_timestamp=1582318661510&other_urls=https%3A%2F%2Fregistry.npm.taobao.org%2Ffast-glob%2Fdownload%2Ffast-glob-3.2.2.tgz",
			"integrity": "sha1-reGp2RFIll1L98UfcuHKZi0y5j0=",
			"requires": {
				"@nodelib/fs.stat": "^2.0.2",
				"@nodelib/fs.walk": "^1.2.3",
				"glob-parent": "^5.1.0",
				"merge2": "^1.3.0",
				"micromatch": "^4.0.2",
				"picomatch": "^2.2.1"
			}
		},
		"fastq": {
			"version": "1.6.1",
			"resolved": "https://registry.npm.taobao.org/fastq/download/fastq-1.6.1.tgz",
			"integrity": "sha1-RXDHTy3tFz5xzwvrCKxwu4WCZ5E=",
			"requires": {
				"reusify": "^1.0.4"
			}
		},
		"figures": {
			"version": "3.2.0",
			"resolved": "https://registry.npm.taobao.org/figures/download/figures-3.2.0.tgz",
			"integrity": "sha1-YlwYvSk8YE3EqN2y/r8MiDQXRq8=",
			"requires": {
				"escape-string-regexp": "^1.0.5"
			}
		},
		"fill-range": {
			"version": "7.0.1",
			"resolved": "https://registry.npm.taobao.org/fill-range/download/fill-range-7.0.1.tgz",
			"integrity": "sha1-GRmmp8df44ssfHflGYU12prN2kA=",
			"requires": {
				"to-regex-range": "^5.0.1"
			}
		},
		"fs-extra": {
			"version": "8.1.0",
			"resolved": "https://registry.npm.taobao.org/fs-extra/download/fs-extra-8.1.0.tgz",
			"integrity": "sha1-SdQ8RaiM2Wd2aMt74bRu/bjS4cA=",
			"requires": {
				"graceful-fs": "^4.2.0",
				"jsonfile": "^4.0.0",
				"universalify": "^0.1.0"
			}
		},
		"glob-parent": {
			"version": "5.1.0",
			"resolved": "https://registry.npm.taobao.org/glob-parent/download/glob-parent-5.1.0.tgz?cache=0&sync_timestamp=1569108917227&other_urls=https%3A%2F%2Fregistry.npm.taobao.org%2Fglob-parent%2Fdownload%2Fglob-parent-5.1.0.tgz",
			"integrity": "sha1-X0wdHnSNMM1zrSlEs1d6gbCB6MI=",
			"requires": {
				"is-glob": "^4.0.1"
			}
		},
		"globby": {
			"version": "11.0.0",
			"resolved": "https://registry.npm.taobao.org/globby/download/globby-11.0.0.tgz?cache=0&other_urls=https%3A%2F%2Fregistry.npm.taobao.org%2Fglobby%2Fdownload%2Fglobby-11.0.0.tgz",
			"integrity": "sha1-Vv0Onw1Pj7DEVvGrDe6W4TgLwVQ=",
			"requires": {
				"array-union": "^2.1.0",
				"dir-glob": "^3.0.1",
				"fast-glob": "^3.1.1",
				"ignore": "^5.1.4",
				"merge2": "^1.3.0",
				"slash": "^3.0.0"
			}
		},
		"graceful-fs": {
			"version": "4.2.3",
			"resolved": "https://registry.npm.taobao.org/graceful-fs/download/graceful-fs-4.2.3.tgz",
			"integrity": "sha1-ShL/G2A3bvCYYsIJPt2Qgyi+hCM="
		},
		"has-flag": {
			"version": "4.0.0",
			"resolved": "https://registry.npm.taobao.org/has-flag/download/has-flag-4.0.0.tgz",
			"integrity": "sha1-lEdx/ZyByBJlxNaUGGDaBrtZR5s="
		},
		"iconv-lite": {
			"version": "0.4.24",
			"resolved": "https://registry.npm.taobao.org/iconv-lite/download/iconv-lite-0.4.24.tgz?cache=0&sync_timestamp=1579333981154&other_urls=https%3A%2F%2Fregistry.npm.taobao.org%2Ficonv-lite%2Fdownload%2Ficonv-lite-0.4.24.tgz",
			"integrity": "sha1-ICK0sl+93CHS9SSXSkdKr+czkIs=",
			"requires": {
				"safer-buffer": ">= 2.1.2 < 3"
			}
		},
		"ignore": {
			"version": "5.1.4",
			"resolved": "https://registry.npm.taobao.org/ignore/download/ignore-5.1.4.tgz?cache=0&sync_timestamp=1565775199290&other_urls=https%3A%2F%2Fregistry.npm.taobao.org%2Fignore%2Fdownload%2Fignore-5.1.4.tgz",
			"integrity": "sha1-hLez2+ZFUrbvDsqZ9nQ9vsbZet8="
		},
		"infer-owner": {
			"version": "1.0.4",
			"resolved": "https://registry.npmjs.org/infer-owner/-/infer-owner-1.0.4.tgz",
			"integrity": "sha512-IClj+Xz94+d7irH5qRyfJonOdfTzuDaifE6ZPWfx0N0+/ATZCbuTPq2prFl526urkQd90WyUKIh1DfBQ2hMz9A=="
		},
		"inquirer": {
			"version": "7.1.0",
			"resolved": "https://registry.npm.taobao.org/inquirer/download/inquirer-7.1.0.tgz",
			"integrity": "sha1-EpigGFmIPhfHJkuChwrhA0+S3Sk=",
			"requires": {
				"ansi-escapes": "^4.2.1",
				"chalk": "^3.0.0",
				"cli-cursor": "^3.1.0",
				"cli-width": "^2.0.0",
				"external-editor": "^3.0.3",
				"figures": "^3.0.0",
				"lodash": "^4.17.15",
				"mute-stream": "0.0.8",
				"run-async": "^2.4.0",
				"rxjs": "^6.5.3",
				"string-width": "^4.1.0",
				"strip-ansi": "^6.0.0",
				"through": "^2.3.6"
			}
		},
		"is-extglob": {
			"version": "2.1.1",
			"resolved": "https://registry.npm.taobao.org/is-extglob/download/is-extglob-2.1.1.tgz",
			"integrity": "sha1-qIwCU1eR8C7TfHahueqXc8gz+MI="
		},
		"is-fullwidth-code-point": {
			"version": "3.0.0",
			"resolved": "https://registry.npm.taobao.org/is-fullwidth-code-point/download/is-fullwidth-code-point-3.0.0.tgz",
			"integrity": "sha1-8Rb4Bk/pCz94RKOJl8C3UFEmnx0="
		},
		"is-glob": {
			"version": "4.0.1",
			"resolved": "https://registry.npm.taobao.org/is-glob/download/is-glob-4.0.1.tgz",
			"integrity": "sha1-dWfb6fL14kZ7x3q4PEopSCQHpdw=",
			"requires": {
				"is-extglob": "^2.1.1"
			}
		},
		"is-number": {
			"version": "7.0.0",
			"resolved": "https://registry.npm.taobao.org/is-number/download/is-number-7.0.0.tgz",
			"integrity": "sha1-dTU0W4lnNNX4DE0GxQlVUnoU8Ss="
		},
		"is-promise": {
			"version": "2.1.0",
			"resolved": "https://registry.npm.taobao.org/is-promise/download/is-promise-2.1.0.tgz?cache=0&other_urls=https%3A%2F%2Fregistry.npm.taobao.org%2Fis-promise%2Fdownload%2Fis-promise-2.1.0.tgz",
			"integrity": "sha1-eaKp7OfwlugPNtKy87wWwf9L8/o="
		},
		"isbinaryfile": {
			"version": "4.0.4",
			"resolved": "https://registry.npm.taobao.org/isbinaryfile/download/isbinaryfile-4.0.4.tgz?cache=0&sync_timestamp=1578829261741&other_urls=https%3A%2F%2Fregistry.npm.taobao.org%2Fisbinaryfile%2Fdownload%2Fisbinaryfile-4.0.4.tgz",
			"integrity": "sha1-aAP4GolEIBxkK24X2gQeJN63hxI="
		},
		"jsonfile": {
			"version": "4.0.0",
			"resolved": "https://registry.npm.taobao.org/jsonfile/download/jsonfile-4.0.0.tgz",
			"integrity": "sha1-h3Gq4HmbZAdrdmQPygWPnBDjPss=",
			"requires": {
				"graceful-fs": "^4.1.6"
			}
		},
		"lodash": {
			"version": "4.17.15",
			"resolved": "https://registry.npm.taobao.org/lodash/download/lodash-4.17.15.tgz",
			"integrity": "sha1-tEf2ZwoEVbv+7dETku/zMOoJdUg="
		},
		"merge2": {
			"version": "1.3.0",
			"resolved": "https://registry.npm.taobao.org/merge2/download/merge2-1.3.0.tgz",
			"integrity": "sha1-WzZu6DsvFYLEj4fkfPGpNSEDyoE="
		},
		"micromatch": {
			"version": "4.0.2",
			"resolved": "https://registry.npm.taobao.org/micromatch/download/micromatch-4.0.2.tgz?cache=0&other_urls=https%3A%2F%2Fregistry.npm.taobao.org%2Fmicromatch%2Fdownload%2Fmicromatch-4.0.2.tgz",
			"integrity": "sha1-T8sJmb+fvC/L3SEvbWKbmlbDklk=",
			"requires": {
				"braces": "^3.0.1",
				"picomatch": "^2.0.5"
			}
		},
		"mimic-fn": {
			"version": "2.1.0",
			"resolved": "https://registry.npm.taobao.org/mimic-fn/download/mimic-fn-2.1.0.tgz",
			"integrity": "sha1-ftLCzMyvhNP/y3pptXcR/CCDQBs="
		},
		"minimist": {
			"version": "1.2.5",
			"resolved": "https://registry.npm.taobao.org/minimist/download/minimist-1.2.5.tgz?cache=0&other_urls=https%3A%2F%2Fregistry.npm.taobao.org%2Fminimist%2Fdownload%2Fminimist-1.2.5.tgz",
			"integrity": "sha1-Z9ZgFLZqaoqqDAg8X9WN9OTpdgI="
		},
		"mkdirp": {
			"version": "1.0.4",
			"resolved": "https://registry.npmjs.org/mkdirp/-/mkdirp-1.0.4.tgz",
			"integrity": "sha512-vVqVZQyf3WLx2Shd0qJ9xuvqgAyKPLAiqITEtqW0oIUjzo3PePDd6fW9iFz30ef7Ysp/oiWqbhszeGWW2T6Gzw=="
		},
		"mkdirp-infer-owner": {
			"version": "1.0.2",
			"resolved": "https://registry.npmjs.org/mkdirp-infer-owner/-/mkdirp-infer-owner-1.0.2.tgz",
			"integrity": "sha512-gU3/MnB7QwipTZzStIdCEx1/WqmXWCZzHNU7f/WyW53VbCy/mKGki96WvJuFNkv7S9UZGh/lrIWKa6cbIoW6ag==",
			"requires": {
				"chownr": "^1.1.3",
				"infer-owner": "^1.0.4",
				"mkdirp": "^1.0.3"
			}
		},
		"mute-stream": {
			"version": "0.0.8",
			"resolved": "https://registry.npm.taobao.org/mute-stream/download/mute-stream-0.0.8.tgz",
			"integrity": "sha1-FjDEKyJR/4HiooPelqVJfqkuXg0="
		},
		"onetime": {
			"version": "5.1.0",
			"resolved": "https://registry.npm.taobao.org/onetime/download/onetime-5.1.0.tgz",
			"integrity": "sha1-//DzyRYX/mK7UBiWNumayKbfe+U=",
			"requires": {
				"mimic-fn": "^2.1.0"
			}
		},
		"os-tmpdir": {
			"version": "1.0.2",
			"resolved": "https://registry.npm.taobao.org/os-tmpdir/download/os-tmpdir-1.0.2.tgz",
			"integrity": "sha1-u+Z0BseaqFxc/sdm/lc0VV36EnQ="
		},
		"path-type": {
			"version": "4.0.0",
			"resolved": "https://registry.npm.taobao.org/path-type/download/path-type-4.0.0.tgz",
			"integrity": "sha1-hO0BwKe6OAr+CdkKjBgNzZ0DBDs="
		},
		"picomatch": {
			"version": "2.2.1",
			"resolved": "https://registry.npm.taobao.org/picomatch/download/picomatch-2.2.1.tgz",
			"integrity": "sha1-IbrIiLbthgH4Mc54FuM1vHefCko="
		},
		"readline": {
			"version": "1.3.0",
			"resolved": "https://registry.npm.taobao.org/readline/download/readline-1.3.0.tgz",
			"integrity": "sha1-xYDXfvLPyHUrEySYBg3JeTp6wBw="
		},
		"restore-cursor": {
			"version": "3.1.0",
			"resolved": "https://registry.npm.taobao.org/restore-cursor/download/restore-cursor-3.1.0.tgz",
			"integrity": "sha1-OfZ8VLOnpYzqUjbZXPADQjljH34=",
			"requires": {
				"onetime": "^5.1.0",
				"signal-exit": "^3.0.2"
			}
		},
		"reusify": {
			"version": "1.0.4",
			"resolved": "https://registry.npm.taobao.org/reusify/download/reusify-1.0.4.tgz",
			"integrity": "sha1-kNo4Kx4SbvwCFG6QhFqI2xKSXXY="
		},
		"run-async": {
			"version": "2.4.0",
			"resolved": "https://registry.npm.taobao.org/run-async/download/run-async-2.4.0.tgz?cache=0&sync_timestamp=1582711719088&other_urls=https%3A%2F%2Fregistry.npm.taobao.org%2Frun-async%2Fdownload%2Frun-async-2.4.0.tgz",
			"integrity": "sha1-5ZBUpbhods+uB/Qx0Yy63cWU8eg=",
			"requires": {
				"is-promise": "^2.1.0"
			}
		},
		"run-parallel": {
			"version": "1.1.9",
			"resolved": "https://registry.npm.taobao.org/run-parallel/download/run-parallel-1.1.9.tgz",
			"integrity": "sha1-yd06fPn0ssS2JE4XOm7YZuYd1nk="
		},
		"rxjs": {
			"version": "6.5.4",
			"resolved": "https://registry.npm.taobao.org/rxjs/download/rxjs-6.5.4.tgz?cache=0&other_urls=https%3A%2F%2Fregistry.npm.taobao.org%2Frxjs%2Fdownload%2Frxjs-6.5.4.tgz",
			"integrity": "sha1-4Hd/4NGEzseHLfFH8wNXLUFOIRw=",
			"requires": {
				"tslib": "^1.9.0"
			}
		},
		"safer-buffer": {
			"version": "2.1.2",
			"resolved": "https://registry.npm.taobao.org/safer-buffer/download/safer-buffer-2.1.2.tgz?cache=0&other_urls=https%3A%2F%2Fregistry.npm.taobao.org%2Fsafer-buffer%2Fdownload%2Fsafer-buffer-2.1.2.tgz",
			"integrity": "sha1-RPoWGwGHuVSd2Eu5GAL5vYOFzWo="
		},
		"signal-exit": {
			"version": "3.0.2",
			"resolved": "https://registry.npm.taobao.org/signal-exit/download/signal-exit-3.0.2.tgz",
			"integrity": "sha1-tf3AjxKH6hF4Yo5BXiUTK3NkbG0="
		},
		"slash": {
			"version": "3.0.0",
			"resolved": "https://registry.npm.taobao.org/slash/download/slash-3.0.0.tgz",
			"integrity": "sha1-ZTm+hwwWWtvVJAIg2+Nh8bxNRjQ="
		},
		"string-width": {
			"version": "4.2.0",
			"resolved": "https://registry.npm.taobao.org/string-width/download/string-width-4.2.0.tgz?cache=0&sync_timestamp=1573488535785&other_urls=https%3A%2F%2Fregistry.npm.taobao.org%2Fstring-width%2Fdownload%2Fstring-width-4.2.0.tgz",
			"integrity": "sha1-lSGCxGzHssMT0VluYjmSvRY7crU=",
			"requires": {
				"emoji-regex": "^8.0.0",
				"is-fullwidth-code-point": "^3.0.0",
				"strip-ansi": "^6.0.0"
			}
		},
		"strip-ansi": {
			"version": "6.0.0",
			"resolved": "https://registry.npm.taobao.org/strip-ansi/download/strip-ansi-6.0.0.tgz",
			"integrity": "sha1-CxVx3XZpzNTz4G4U7x7tJiJa5TI=",
			"requires": {
				"ansi-regex": "^5.0.0"
			}
		},
		"supports-color": {
			"version": "7.1.0",
			"resolved": "https://registry.npm.taobao.org/supports-color/download/supports-color-7.1.0.tgz?cache=0&other_urls=https%3A%2F%2Fregistry.npm.taobao.org%2Fsupports-color%2Fdownload%2Fsupports-color-7.1.0.tgz",
			"integrity": "sha1-aOMlkd9z4lrRxLSRCKLsUHliv9E=",
			"requires": {
				"has-flag": "^4.0.0"
			}
		},
		"through": {
			"version": "2.3.8",
			"resolved": "https://registry.npm.taobao.org/through/download/through-2.3.8.tgz",
			"integrity": "sha1-DdTJ/6q8NXlgsbckEV1+Doai4fU="
		},
		"tmp": {
			"version": "0.0.33",
			"resolved": "https://registry.npm.taobao.org/tmp/download/tmp-0.0.33.tgz",
			"integrity": "sha1-bTQzWIl2jSGyvNoKonfO07G/rfk=",
			"requires": {
				"os-tmpdir": "~1.0.2"
			}
		},
		"to-regex-range": {
			"version": "5.0.1",
			"resolved": "https://registry.npm.taobao.org/to-regex-range/download/to-regex-range-5.0.1.tgz",
			"integrity": "sha1-FkjESq58jZiKMmAY7XL1tN0DkuQ=",
			"requires": {
				"is-number": "^7.0.0"
			}
		},
		"tslib": {
			"version": "1.11.1",
			"resolved": "https://registry.npm.taobao.org/tslib/download/tslib-1.11.1.tgz",
			"integrity": "sha1-6xXRKIJ/vuKEFUnhcfRe0zisfjU="
		},
		"type-fest": {
			"version": "0.11.0",
			"resolved": "https://registry.npm.taobao.org/type-fest/download/type-fest-0.11.0.tgz",
			"integrity": "sha1-l6vwhyMQ/tiKXEZrJWgVdhReM/E="
		},
		"universalify": {
			"version": "0.1.2",
			"resolved": "https://registry.npm.taobao.org/universalify/download/universalify-0.1.2.tgz?cache=0&sync_timestamp=1583531006552&other_urls=https%3A%2F%2Fregistry.npm.taobao.org%2Funiversalify%2Fdownload%2Funiversalify-0.1.2.tgz",
			"integrity": "sha1-tkb2m+OULavOzJ1mOcgNwQXvqmY="
		},
		"validate-npm-package-name": {
			"version": "3.0.0",
			"resolved": "https://registry.npm.taobao.org/validate-npm-package-name/download/validate-npm-package-name-3.0.0.tgz",
			"integrity": "sha1-X6kS2B630MdK/BQN5zF/DKffQ34=",
			"requires": {
				"builtins": "^1.0.3"
			}
		}
	}
}
